// !$*UTF8*$!
{
	archiveVersion = 1;
	classes = {
	};
	objectVersion = 46;
	objects = {

/* Begin PBXBuildFile section */
		4ADE56031D751C78000DCD8F /* AppDelegate.swift in Sources */ = {isa = PBXBuildFile; fileRef = 4ADE56021D751C78000DCD8F /* AppDelegate.swift */; };
		4ADE56051D751C78000DCD8F /* ViewController.swift in Sources */ = {isa = PBXBuildFile; fileRef = 4ADE56041D751C78000DCD8F /* ViewController.swift */; };
		4ADE56081D751C78000DCD8F /* Main.storyboard in Resources */ = {isa = PBXBuildFile; fileRef = 4ADE56061D751C78000DCD8F /* Main.storyboard */; };
		4ADE560A1D751C78000DCD8F /* Assets.xcassets in Resources */ = {isa = PBXBuildFile; fileRef = 4ADE56091D751C78000DCD8F /* Assets.xcassets */; };
		4ADE560D1D751C78000DCD8F /* LaunchScreen.storyboard in Resources */ = {isa = PBXBuildFile; fileRef = 4ADE560B1D751C78000DCD8F /* LaunchScreen.storyboard */; };
		4ADE56161D751DAB000DCD8F /* HyperExample.xcdatamodeld in Sources */ = {isa = PBXBuildFile; fileRef = 4ADE56141D751DAB000DCD8F /* HyperExample.xcdatamodeld */; };
		4ADE56321D755253000DCD8F /* global-nested-users.json in Resources */ = {isa = PBXBuildFile; fileRef = 4ADE56311D755253000DCD8F /* global-nested-users.json */; };
		4ADE563F1D755E66000DCD8F /* UserModel+CoreDataProperties.swift in Sources */ = {isa = PBXBuildFile; fileRef = 4ADE56391D755E66000DCD8F /* UserModel+CoreDataProperties.swift */; };
		4ADE56401D755E66000DCD8F /* UserModel.swift in Sources */ = {isa = PBXBuildFile; fileRef = 4ADE563A1D755E66000DCD8F /* UserModel.swift */; };
		4ADE56411D755E66000DCD8F /* TransactionModel+CoreDataProperties.swift in Sources */ = {isa = PBXBuildFile; fileRef = 4ADE563B1D755E66000DCD8F /* TransactionModel+CoreDataProperties.swift */; };
		4ADE56421D755E66000DCD8F /* TransactionModel.swift in Sources */ = {isa = PBXBuildFile; fileRef = 4ADE563C1D755E66000DCD8F /* TransactionModel.swift */; };
		4ADE56431D755E66000DCD8F /* AccountModel+CoreDataProperties.swift in Sources */ = {isa = PBXBuildFile; fileRef = 4ADE563D1D755E66000DCD8F /* AccountModel+CoreDataProperties.swift */; };
		4ADE56441D755E66000DCD8F /* AccountModel.swift in Sources */ = {isa = PBXBuildFile; fileRef = 4ADE563E1D755E66000DCD8F /* AccountModel.swift */; };
		BE4D9174A6E3D71589126060 /* Pods_HyperSyncTest.framework in Frameworks */ = {isa = PBXBuildFile; fileRef = A3C7BBDA904B5A9F428CC472 /* Pods_HyperSyncTest.framework */; };
/* End PBXBuildFile section */

/* Begin PBXFileReference section */
		4ADE55FF1D751C78000DCD8F /* HyperSyncTest.app */ = {isa = PBXFileReference; explicitFileType = wrapper.application; includeInIndex = 0; path = HyperSyncTest.app; sourceTree = BUILT_PRODUCTS_DIR; };
		4ADE56021D751C78000DCD8F /* AppDelegate.swift */ = {isa = PBXFileReference; lastKnownFileType = sourcecode.swift; path = AppDelegate.swift; sourceTree = "<group>"; };
		4ADE56041D751C78000DCD8F /* ViewController.swift */ = {isa = PBXFileReference; lastKnownFileType = sourcecode.swift; path = ViewController.swift; sourceTree = "<group>"; };
		4ADE56071D751C78000DCD8F /* Base */ = {isa = PBXFileReference; lastKnownFileType = file.storyboard; name = Base; path = Base.lproj/Main.storyboard; sourceTree = "<group>"; };
		4ADE56091D751C78000DCD8F /* Assets.xcassets */ = {isa = PBXFileReference; lastKnownFileType = folder.assetcatalog; path = Assets.xcassets; sourceTree = "<group>"; };
		4ADE560C1D751C78000DCD8F /* Base */ = {isa = PBXFileReference; lastKnownFileType = file.storyboard; name = Base; path = Base.lproj/LaunchScreen.storyboard; sourceTree = "<group>"; };
		4ADE560E1D751C78000DCD8F /* Info.plist */ = {isa = PBXFileReference; lastKnownFileType = text.plist.xml; path = Info.plist; sourceTree = "<group>"; };
		4ADE56151D751DAB000DCD8F /* HyperExample.xcdatamodel */ = {isa = PBXFileReference; lastKnownFileType = wrapper.xcdatamodel; path = HyperExample.xcdatamodel; sourceTree = "<group>"; };
		4ADE56311D755253000DCD8F /* global-nested-users.json */ = {isa = PBXFileReference; fileEncoding = 4; lastKnownFileType = text.json; path = "global-nested-users.json"; sourceTree = "<group>"; };
		4ADE56391D755E66000DCD8F /* UserModel+CoreDataProperties.swift */ = {isa = PBXFileReference; fileEncoding = 4; lastKnownFileType = sourcecode.swift; path = "UserModel+CoreDataProperties.swift"; sourceTree = "<group>"; };
		4ADE563A1D755E66000DCD8F /* UserModel.swift */ = {isa = PBXFileReference; fileEncoding = 4; lastKnownFileType = sourcecode.swift; path = UserModel.swift; sourceTree = "<group>"; };
		4ADE563B1D755E66000DCD8F /* TransactionModel+CoreDataProperties.swift */ = {isa = PBXFileReference; fileEncoding = 4; lastKnownFileType = sourcecode.swift; path = "TransactionModel+CoreDataProperties.swift"; sourceTree = "<group>"; };
		4ADE563C1D755E66000DCD8F /* TransactionModel.swift */ = {isa = PBXFileReference; fileEncoding = 4; lastKnownFileType = sourcecode.swift; path = TransactionModel.swift; sourceTree = "<group>"; };
		4ADE563D1D755E66000DCD8F /* AccountModel+CoreDataProperties.swift */ = {isa = PBXFileReference; fileEncoding = 4; lastKnownFileType = sourcecode.swift; path = "AccountModel+CoreDataProperties.swift"; sourceTree = "<group>"; };
		4ADE563E1D755E66000DCD8F /* AccountModel.swift */ = {isa = PBXFileReference; fileEncoding = 4; lastKnownFileType = sourcecode.swift; path = AccountModel.swift; sourceTree = "<group>"; };
		8036914E40EF435E25837466 /* Pods-HyperSyncTest.release.xcconfig */ = {isa = PBXFileReference; includeInIndex = 1; lastKnownFileType = text.xcconfig; name = "Pods-HyperSyncTest.release.xcconfig"; path = "Pods/Target Support Files/Pods-HyperSyncTest/Pods-HyperSyncTest.release.xcconfig"; sourceTree = "<group>"; };
		A3C7BBDA904B5A9F428CC472 /* Pods_HyperSyncTest.framework */ = {isa = PBXFileReference; explicitFileType = wrapper.framework; includeInIndex = 0; path = Pods_HyperSyncTest.framework; sourceTree = BUILT_PRODUCTS_DIR; };
		F24501ACDB6733605D8D49E9 /* Pods-HyperSyncTest.debug.xcconfig */ = {isa = PBXFileReference; includeInIndex = 1; lastKnownFileType = text.xcconfig; name = "Pods-HyperSyncTest.debug.xcconfig"; path = "Pods/Target Support Files/Pods-HyperSyncTest/Pods-HyperSyncTest.debug.xcconfig"; sourceTree = "<group>"; };
/* End PBXFileReference section */

/* Begin PBXFrameworksBuildPhase section */
		4ADE55FC1D751C78000DCD8F /* Frameworks */ = {
			isa = PBXFrameworksBuildPhase;
			buildActionMask = 2147483647;
			files = (
				BE4D9174A6E3D71589126060 /* Pods_HyperSyncTest.framework in Frameworks */,
			);
			runOnlyForDeploymentPostprocessing = 0;
		};
/* End PBXFrameworksBuildPhase section */

/* Begin PBXGroup section */
		18353394FFC2ABEC44DE5075 /* Frameworks */ = {
			isa = PBXGroup;
			children = (
				A3C7BBDA904B5A9F428CC472 /* Pods_HyperSyncTest.framework */,
			);
			name = Frameworks;
			sourceTree = "<group>";
		};
		4ADE55F61D751C78000DCD8F = {
			isa = PBXGroup;
			children = (
				4ADE56011D751C78000DCD8F /* HyperSyncTest */,
				4ADE56001D751C78000DCD8F /* Products */,
				A9D01BA58A1ADEAFE2166E94 /* Pods */,
				18353394FFC2ABEC44DE5075 /* Frameworks */,
			);
			sourceTree = "<group>";
		};
		4ADE56001D751C78000DCD8F /* Products */ = {
			isa = PBXGroup;
			children = (
				4ADE55FF1D751C78000DCD8F /* HyperSyncTest.app */,
			);
			name = Products;
			sourceTree = "<group>";
		};
		4ADE56011D751C78000DCD8F /* HyperSyncTest */ = {
			isa = PBXGroup;
			children = (
				4ADE56391D755E66000DCD8F /* UserModel+CoreDataProperties.swift */,
				4ADE563A1D755E66000DCD8F /* UserModel.swift */,
				4ADE563B1D755E66000DCD8F /* TransactionModel+CoreDataProperties.swift */,
				4ADE563C1D755E66000DCD8F /* TransactionModel.swift */,
				4ADE563D1D755E66000DCD8F /* AccountModel+CoreDataProperties.swift */,
				4ADE563E1D755E66000DCD8F /* AccountModel.swift */,
				4ADE56021D751C78000DCD8F /* AppDelegate.swift */,
				4ADE56311D755253000DCD8F /* global-nested-users.json */,
				4ADE56141D751DAB000DCD8F /* HyperExample.xcdatamodeld */,
				4ADE56041D751C78000DCD8F /* ViewController.swift */,
				4ADE56061D751C78000DCD8F /* Main.storyboard */,
				4ADE56091D751C78000DCD8F /* Assets.xcassets */,
				4ADE560B1D751C78000DCD8F /* LaunchScreen.storyboard */,
				4ADE560E1D751C78000DCD8F /* Info.plist */,
			);
			path = HyperSyncTest;
			sourceTree = "<group>";
		};
		A9D01BA58A1ADEAFE2166E94 /* Pods */ = {
			isa = PBXGroup;
			children = (
				F24501ACDB6733605D8D49E9 /* Pods-HyperSyncTest.debug.xcconfig */,
				8036914E40EF435E25837466 /* Pods-HyperSyncTest.release.xcconfig */,
			);
			name = Pods;
			sourceTree = "<group>";
		};
/* End PBXGroup section */

/* Begin PBXNativeTarget section */
		4ADE55FE1D751C78000DCD8F /* HyperSyncTest */ = {
			isa = PBXNativeTarget;
			buildConfigurationList = 4ADE56111D751C78000DCD8F /* Build configuration list for PBXNativeTarget "HyperSyncTest" */;
			buildPhases = (
				B5111E80B6FE65E38F704E87 /* [CP] Check Pods Manifest.lock */,
				4ADE55FB1D751C78000DCD8F /* Sources */,
				4ADE55FC1D751C78000DCD8F /* Frameworks */,
				4ADE55FD1D751C78000DCD8F /* Resources */,
				D9B5D4A606F274C00585D796 /* [CP] Embed Pods Frameworks */,
				16F49D72FE8A53ADD4731C24 /* [CP] Copy Pods Resources */,
			);
			buildRules = (
			);
			dependencies = (
			);
			name = HyperSyncTest;
			productName = HyperSyncTest;
			productReference = 4ADE55FF1D751C78000DCD8F /* HyperSyncTest.app */;
			productType = "com.apple.product-type.application";
		};
/* End PBXNativeTarget section */

/* Begin PBXProject section */
		4ADE55F71D751C78000DCD8F /* Project object */ = {
			isa = PBXProject;
			attributes = {
				LastSwiftUpdateCheck = 0730;
				LastUpgradeCheck = 0730;
				ORGANIZATIONNAME = "Capital One";
				TargetAttributes = {
					4ADE55FE1D751C78000DCD8F = {
						CreatedOnToolsVersion = 7.3.1;
					};
				};
			};
			buildConfigurationList = 4ADE55FA1D751C78000DCD8F /* Build configuration list for PBXProject "HyperSyncTest" */;
			compatibilityVersion = "Xcode 3.2";
			developmentRegion = English;
			hasScannedForEncodings = 0;
			knownRegions = (
				en,
				Base,
			);
			mainGroup = 4ADE55F61D751C78000DCD8F;
			productRefGroup = 4ADE56001D751C78000DCD8F /* Products */;
			projectDirPath = "";
			projectRoot = "";
			targets = (
				4ADE55FE1D751C78000DCD8F /* HyperSyncTest */,
			);
		};
/* End PBXProject section */

/* Begin PBXResourcesBuildPhase section */
		4ADE55FD1D751C78000DCD8F /* Resources */ = {
			isa = PBXResourcesBuildPhase;
			buildActionMask = 2147483647;
			files = (
				4ADE560D1D751C78000DCD8F /* LaunchScreen.storyboard in Resources */,
				4ADE56321D755253000DCD8F /* global-nested-users.json in Resources */,
				4ADE560A1D751C78000DCD8F /* Assets.xcassets in Resources */,
				4ADE56081D751C78000DCD8F /* Main.storyboard in Resources */,
			);
			runOnlyForDeploymentPostprocessing = 0;
		};
/* End PBXResourcesBuildPhase section */

/* Begin PBXShellScriptBuildPhase section */
		16F49D72FE8A53ADD4731C24 /* [CP] Copy Pods Resources */ = {
			isa = PBXShellScriptBuildPhase;
			buildActionMask = 2147483647;
			files = (
			);
			inputPaths = (
			);
			name = "[CP] Copy Pods Resources";
			outputPaths = (
			);
			runOnlyForDeploymentPostprocessing = 0;
			shellPath = /bin/sh;
			shellScript = "\"${SRCROOT}/Pods/Target Support Files/Pods-HyperSyncTest/Pods-HyperSyncTest-resources.sh\"\n";
			showEnvVarsInLog = 0;
		};
		B5111E80B6FE65E38F704E87 /* [CP] Check Pods Manifest.lock */ = {
			isa = PBXShellScriptBuildPhase;
			buildActionMask = 2147483647;
			files = (
			);
			inputPaths = (
			);
			name = "[CP] Check Pods Manifest.lock";
			outputPaths = (
			);
			runOnlyForDeploymentPostprocessing = 0;
			shellPath = /bin/sh;
			shellScript = "diff \"${PODS_ROOT}/../Podfile.lock\" \"${PODS_ROOT}/Manifest.lock\" > /dev/null\nif [[ $? != 0 ]] ; then\n    cat << EOM\nerror: The sandbox is not in sync with the Podfile.lock. Run 'pod install' or update your CocoaPods installation.\nEOM\n    exit 1\nfi\n";
			showEnvVarsInLog = 0;
		};
		D9B5D4A606F274C00585D796 /* [CP] Embed Pods Frameworks */ = {
			isa = PBXShellScriptBuildPhase;
			buildActionMask = 2147483647;
			files = (
			);
			inputPaths = (
			);
			name = "[CP] Embed Pods Frameworks";
			outputPaths = (
			);
			runOnlyForDeploymentPostprocessing = 0;
			shellPath = /bin/sh;
			shellScript = "\"${SRCROOT}/Pods/Target Support Files/Pods-HyperSyncTest/Pods-HyperSyncTest-frameworks.sh\"\n";
			showEnvVarsInLog = 0;
		};
/* End PBXShellScriptBuildPhase section */

/* Begin PBXSourcesBuildPhase section */
		4ADE55FB1D751C78000DCD8F /* Sources */ = {
			isa = PBXSourcesBuildPhase;
			buildActionMask = 2147483647;
			files = (
				4ADE563F1D755E66000DCD8F /* UserModel+CoreDataProperties.swift in Sources */,
				4ADE56441D755E66000DCD8F /* AccountModel.swift in Sources */,
				4ADE56431D755E66000DCD8F /* AccountModel+CoreDataProperties.swift in Sources */,
				4ADE56161D751DAB000DCD8F /* HyperExample.xcdatamodeld in Sources */,
				4ADE56411D755E66000DCD8F /* TransactionModel+CoreDataProperties.swift in Sources */,
				4ADE56051D751C78000DCD8F /* ViewController.swift in Sources */,
				4ADE56421D755E66000DCD8F /* TransactionModel.swift in Sources */,
				4ADE56401D755E66000DCD8F /* UserModel.swift in Sources */,
				4ADE56031D751C78000DCD8F /* AppDelegate.swift in Sources */,
			);
			runOnlyForDeploymentPostprocessing = 0;
		};
/* End PBXSourcesBuildPhase section */

/* Begin PBXVariantGroup section */
		4ADE56061D751C78000DCD8F /* Main.storyboard */ = {
			isa = PBXVariantGroup;
			children = (
				4ADE56071D751C78000DCD8F /* Base */,
			);
			name = Main.storyboard;
			sourceTree = "<group>";
		};
		4ADE560B1D751C78000DCD8F /* LaunchScreen.storyboard */ = {
			isa = PBXVariantGroup;
			children = (
				4ADE560C1D751C78000DCD8F /* Base */,
			);
			name = LaunchScreen.storyboard;
			sourceTree = "<group>";
		};
/* End PBXVariantGroup section */

/* Begin XCBuildConfiguration section */
		4ADE560F1D751C78000DCD8F /* Debug */ = {
			isa = XCBuildConfiguration;
			buildSettings = {
				ALWAYS_SEARCH_USER_PATHS = NO;
				CLANG_ANALYZER_NONNULL = YES;
				CLANG_CXX_LANGUAGE_STANDARD = "gnu++0x";
				CLANG_CXX_LIBRARY = "libc++";
				CLANG_ENABLE_MODULES = YES;
				CLANG_ENABLE_OBJC_ARC = YES;
				CLANG_WARN_BOOL_CONVERSION = YES;
				CLANG_WARN_CONSTANT_CONVERSION = YES;
				CLANG_WARN_DIRECT_OBJC_ISA_USAGE = YES_ERROR;
				CLANG_WARN_EMPTY_BODY = YES;
				CLANG_WARN_ENUM_CONVERSION = YES;
				CLANG_WARN_INT_CONVERSION = YES;
				CLANG_WARN_OBJC_ROOT_CLASS = YES_ERROR;
				CLANG_WARN_UNREACHABLE_CODE = YES;
				CLANG_WARN__DUPLICATE_METHOD_MATCH = YES;
				"CODE_SIGN_IDENTITY[sdk=iphoneos*]" = "iPhone Developer";
				COPY_PHASE_STRIP = NO;
				DEBUG_INFORMATION_FORMAT = dwarf;
				ENABLE_STRICT_OBJC_MSGSEND = YES;
				ENABLE_TESTABILITY = YES;
				GCC_C_LANGUAGE_STANDARD = gnu99;
				GCC_DYNAMIC_NO_PIC = NO;
				GCC_NO_COMMON_BLOCKS = YES;
				GCC_OPTIMIZATION_LEVEL = 0;
				GCC_PREPROCESSOR_DEFINITIONS = (
					"DEBUG=1",
					"$(inherited)",
				);
				GCC_WARN_64_TO_32_BIT_CONVERSION = YES;
				GCC_WARN_ABOUT_RETURN_TYPE = YES_ERROR;
				GCC_WARN_UNDECLARED_SELECTOR = YES;
				GCC_WARN_UNINITIALIZED_AUTOS = YES_AGGRESSIVE;
				GCC_WARN_UNUSED_FUNCTION = YES;
				GCC_WARN_UNUSED_VARIABLE = YES;
				IPHONEOS_DEPLOYMENT_TARGET = 9.3;
				MTL_ENABLE_DEBUG_INFO = YES;
				ONLY_ACTIVE_ARCH = YES;
				SDKROOT = iphoneos;
				SWIFT_OPTIMIZATION_LEVEL = "-Onone";
			};
			name = Debug;
		};
		4ADE56101D751C78000DCD8F /* Release */ = {
			isa = XCBuildConfiguration;
			buildSettings = {
				ALWAYS_SEARCH_USER_PATHS = NO;
				CLANG_ANALYZER_NONNULL = YES;
				CLANG_CXX_LANGUAGE_STANDARD = "gnu++0x";
				CLANG_CXX_LIBRARY = "libc++";
				CLANG_ENABLE_MODULES = YES;
				CLANG_ENABLE_OBJC_ARC = YES;
				CLANG_WARN_BOOL_CONVERSION = YES;
				CLANG_WARN_CONSTANT_CONVERSION = YES;
				CLANG_WARN_DIRECT_OBJC_ISA_USAGE = YES_ERROR;
				CLANG_WARN_EMPTY_BODY = YES;
				CLANG_WARN_ENUM_CONVERSION = YES;
				CLANG_WARN_INT_CONVERSION = YES;
				CLANG_WARN_OBJC_ROOT_CLASS = YES_ERROR;
				CLANG_WARN_UNREACHABLE_CODE = YES;
				CLANG_WARN__DUPLICATE_METHOD_MATCH = YES;
				"CODE_SIGN_IDENTITY[sdk=iphoneos*]" = "iPhone Developer";
				COPY_PHASE_STRIP = NO;
				DEBUG_INFORMATION_FORMAT = "dwarf-with-dsym";
				ENABLE_NS_ASSERTIONS = NO;
				ENABLE_STRICT_OBJC_MSGSEND = YES;
				GCC_C_LANGUAGE_STANDARD = gnu99;
				GCC_NO_COMMON_BLOCKS = YES;
				GCC_WARN_64_TO_32_BIT_CONVERSION = YES;
				GCC_WARN_ABOUT_RETURN_TYPE = YES_ERROR;
				GCC_WARN_UNDECLARED_SELECTOR = YES;
				GCC_WARN_UNINITIALIZED_AUTOS = YES_AGGRESSIVE;
				GCC_WARN_UNUSED_FUNCTION = YES;
				GCC_WARN_UNUSED_VARIABLE = YES;
				IPHONEOS_DEPLOYMENT_TARGET = 9.3;
				MTL_ENABLE_DEBUG_INFO = NO;
				SDKROOT = iphoneos;
				VALIDATE_PRODUCT = YES;
			};
			name = Release;
		};
		4ADE56121D751C78000DCD8F /* Debug */ = {
			isa = XCBuildConfiguration;
			baseConfigurationReference = F24501ACDB6733605D8D49E9 /* Pods-HyperSyncTest.debug.xcconfig */;
			buildSettings = {
				ASSETCATALOG_COMPILER_APPICON_NAME = AppIcon;
				INFOPLIST_FILE = HyperSyncTest/Info.plist;
				LD_RUNPATH_SEARCH_PATHS = "$(inherited) @executable_path/Frameworks";
				PRODUCT_BUNDLE_IDENTIFIER = com.davidnorman.HyperSyncTest;
				PRODUCT_NAME = "$(TARGET_NAME)";
			};
			name = Debug;
		};
		4ADE56131D751C78000DCD8F /* Release */ = {
			isa = XCBuildConfiguration;
			baseConfigurationReference = 8036914E40EF435E25837466 /* Pods-HyperSyncTest.release.xcconfig */;
			buildSettings = {
				ASSETCATALOG_COMPILER_APPICON_NAME = AppIcon;
				INFOPLIST_FILE = HyperSyncTest/Info.plist;
				LD_RUNPATH_SEARCH_PATHS = "$(inherited) @executable_path/Frameworks";
				PRODUCT_BUNDLE_IDENTIFIER = com.davidnorman.HyperSyncTest;
				PRODUCT_NAME = "$(TARGET_NAME)";
			};
			name = Release;
		};
/* End XCBuildConfiguration section */

/* Begin XCConfigurationList section */
		4ADE55FA1D751C78000DCD8F /* Build configuration list for PBXProject "HyperSyncTest" */ = {
			isa = XCConfigurationList;
			buildConfigurations = (
				4ADE560F1D751C78000DCD8F /* Debug */,
				4ADE56101D751C78000DCD8F /* Release */,
			);
			defaultConfigurationIsVisible = 0;
			defaultConfigurationName = Release;
		};
		4ADE56111D751C78000DCD8F /* Build configuration list for PBXNativeTarget "HyperSyncTest" */ = {
			isa = XCConfigurationList;
			buildConfigurations = (
				4ADE56121D751C78000DCD8F /* Debug */,
				4ADE56131D751C78000DCD8F /* Release */,
			);
			defaultConfigurationIsVisible = 0;
			defaultConfigurationName = Release;
		};
/* End XCConfigurationList section */

/* Begin XCVersionGroup section */
		4ADE56141D751DAB000DCD8F /* HyperExample.xcdatamodeld */ = {
			isa = XCVersionGroup;
			children = (
				4ADE56151D751DAB000DCD8F /* HyperExample.xcdatamodel */,
			);
			currentVersion = 4ADE56151D751DAB000DCD8F /* HyperExample.xcdatamodel */;
			path = HyperExample.xcdatamodeld;
			sourceTree = "<group>";
			versionGroupType = wrapper.xcdatamodel;
		};
/* End XCVersionGroup section */
	};
	rootObject = 4ADE55F71D751C78000DCD8F /* Project object */;
}
